
Microsoft Visual Studio Solution File, Format Version 12.00
# Visual Studio Version 16
VisualStudioVersion = 16.0.30011.22
MinimumVisualStudioVersion = 10.0.40219.1
Project("{FAE04EC0-301F-11D3-BF4B-00C04F79EFBC}") = "TestAbility", "TestAbility\TestAbility.csproj", "{204AFA6C-EEB1-4379-9688-C32CDFF7E98C}"
EndProject
Project("{FAE04EC0-301F-11D3-BF4B-00C04F79EFBC}") = "TestAbility_UnitTests", "TestAbility_UnitTests\TestAbility_UnitTests.csproj", "{F2FD499D-473F-4832-95CB-6A4A3A27E568}"
EndProject
Global
	GlobalSection(SolutionConfigurationPlatforms) = preSolution
		Debug|Any CPU = Debug|Any CPU
		Release|Any CPU = Release|Any CPU
	EndGlobalSection
	GlobalSection(ProjectConfigurationPlatforms) = postSolution
		{204AFA6C-EEB1-4379-9688-C32CDFF7E98C}.Debug|Any CPU.ActiveCfg = Debug|Any CPU
		{204AFA6C-EEB1-4379-9688-C32CDFF7E98C}.Debug|Any CPU.Build.0 = Debug|Any CPU
		{204AFA6C-EEB1-4379-9688-C32CDFF7E98C}.Release|Any CPU.ActiveCfg = Release|Any CPU
		{204AFA6C-EEB1-4379-9688-C32CDFF7E98C}.Release|Any CPU.Build.0 = Release|Any CPU
		{F2FD499D-473F-4832-95CB-6A4A3A27E568}.Debug|Any CPU.ActiveCfg = Debug|Any CPU
		{F2FD499D-473F-4832-95CB-6A4A3A27E568}.Debug|Any CPU.Build.0 = Debug|Any CPU
		{F2FD499D-473F-4832-95CB-6A4A3A27E568}.Release|Any CPU.ActiveCfg = Release|Any CPU
		{F2FD499D-473F-4832-95CB-6A4A3A27E568}.Release|Any CPU.Build.0 = Release|Any CPU
	EndGlobalSection
	GlobalSection(SolutionProperties) = preSolution
		HideSolutionNode = FALSE
	EndGlobalSection
	GlobalSection(ExtensibilityGlobals) = postSolution
		SolutionGuid = {54C32540-3896-4167-A430-9521178AF2B6}
	EndGlobalSection
EndGlobal
